
Microsoft Visual Studio Solution File, Format Version 12.00
# Visual Studio 15
VisualStudioVersion = 15.0.26430.6
MinimumVisualStudioVersion = 10.0.40219.1
Project("{2150E333-8FDC-42A3-9474-1A3956D46DE8}") = "src", "src", "{61547946-727D-49BB-A4B5-E26F337E82CD}"
EndProject
Project("{2150E333-8FDC-42A3-9474-1A3956D46DE8}") = "tests", "tests", "{70FFE477-DE9C-41CF-8457-DDB6513F3912}"
EndProject
Project("{9A19103F-16F7-4668-BE54-9A1E7A4F7556}") = "StringCalculatorKata.Library", "src\StringCalculatorKata.Library\StringCalculatorKata.Library.csproj", "{D95E81F1-C065-4D70-B873-5F10D1727EDE}"
EndProject
Project("{FAE04EC0-301F-11D3-BF4B-00C04F79EFBC}") = "StringCalculatorKata.Library.Tests", "tests\StringCalculator.Library.Tests\StringCalculatorKata.Library.Tests.csproj", "{2AD23A04-FBF6-4C17-A0AB-6A2B8B819126}"
EndProject
Global
	GlobalSection(SolutionConfigurationPlatforms) = preSolution
		Debug|Any CPU = Debug|Any CPU
		Release|Any CPU = Release|Any CPU
	EndGlobalSection
	GlobalSection(ProjectConfigurationPlatforms) = postSolution
		{D95E81F1-C065-4D70-B873-5F10D1727EDE}.Debug|Any CPU.ActiveCfg = Debug|Any CPU
		{D95E81F1-C065-4D70-B873-5F10D1727EDE}.Debug|Any CPU.Build.0 = Debug|Any CPU
		{D95E81F1-C065-4D70-B873-5F10D1727EDE}.Release|Any CPU.ActiveCfg = Release|Any CPU
		{D95E81F1-C065-4D70-B873-5F10D1727EDE}.Release|Any CPU.Build.0 = Release|Any CPU
		{2AD23A04-FBF6-4C17-A0AB-6A2B8B819126}.Debug|Any CPU.ActiveCfg = Debug|Any CPU
		{2AD23A04-FBF6-4C17-A0AB-6A2B8B819126}.Debug|Any CPU.Build.0 = Debug|Any CPU
		{2AD23A04-FBF6-4C17-A0AB-6A2B8B819126}.Release|Any CPU.ActiveCfg = Release|Any CPU
		{2AD23A04-FBF6-4C17-A0AB-6A2B8B819126}.Release|Any CPU.Build.0 = Release|Any CPU
	EndGlobalSection
	GlobalSection(SolutionProperties) = preSolution
		HideSolutionNode = FALSE
	EndGlobalSection
	GlobalSection(NestedProjects) = preSolution
		{D95E81F1-C065-4D70-B873-5F10D1727EDE} = {61547946-727D-49BB-A4B5-E26F337E82CD}
		{2AD23A04-FBF6-4C17-A0AB-6A2B8B819126} = {70FFE477-DE9C-41CF-8457-DDB6513F3912}
	EndGlobalSection
EndGlobal
